
Microsoft Visual Studio Solution File, Format Version 12.00
# Visual Studio Version 17
VisualStudioVersion = 17.8.34330.188
MinimumVisualStudioVersion = 10.0.40219.1
Project("{FAE04EC0-301F-11D3-BF4B-00C04F79EFBC}") = "08_Patten", "08_Patten\08_Patten.csproj", "{EE2FE15D-E8BF-42C7-A01D-21912F96894C}"
EndProject
Global
	GlobalSection(SolutionConfigurationPlatforms) = preSolution
		Debug|Any CPU = Debug|Any CPU
		Release|Any CPU = Release|Any CPU
	EndGlobalSection
	GlobalSection(ProjectConfigurationPlatforms) = postSolution
		{EE2FE15D-E8BF-42C7-A01D-21912F96894C}.Debug|Any CPU.ActiveCfg = Debug|Any CPU
		{EE2FE15D-E8BF-42C7-A01D-21912F96894C}.Debug|Any CPU.Build.0 = Debug|Any CPU
		{EE2FE15D-E8BF-42C7-A01D-21912F96894C}.Release|Any CPU.ActiveCfg = Release|Any CPU
		{EE2FE15D-E8BF-42C7-A01D-21912F96894C}.Release|Any CPU.Build.0 = Release|Any CPU
	EndGlobalSection
	GlobalSection(SolutionProperties) = preSolution
		HideSolutionNode = FALSE
	EndGlobalSection
	GlobalSection(ExtensibilityGlobals) = postSolution
		SolutionGuid = {6FA8F59C-759A-463B-B556-F86E274FD92D}
	EndGlobalSection
EndGlobal
