
Microsoft Visual Studio Solution File, Format Version 12.00
# Visual Studio Version 17
VisualStudioVersion = 17.9.34622.214
MinimumVisualStudioVersion = 10.0.40219.1
Project("{FAE04EC0-301F-11D3-BF4B-00C04F79EFBC}") = "Mvc_Model", "Mvc_Model.csproj", "{FA203B41-6ECA-43C8-9A43-FD8193122AF2}"
EndProject
Global
	GlobalSection(SolutionConfigurationPlatforms) = preSolution
		Debug|Any CPU = Debug|Any CPU
		Release|Any CPU = Release|Any CPU
	EndGlobalSection
	GlobalSection(ProjectConfigurationPlatforms) = postSolution
		{FA203B41-6ECA-43C8-9A43-FD8193122AF2}.Debug|Any CPU.ActiveCfg = Debug|Any CPU
		{FA203B41-6ECA-43C8-9A43-FD8193122AF2}.Debug|Any CPU.Build.0 = Debug|Any CPU
		{FA203B41-6ECA-43C8-9A43-FD8193122AF2}.Release|Any CPU.ActiveCfg = Release|Any CPU
		{FA203B41-6ECA-43C8-9A43-FD8193122AF2}.Release|Any CPU.Build.0 = Release|Any CPU
	EndGlobalSection
	GlobalSection(SolutionProperties) = preSolution
		HideSolutionNode = FALSE
	EndGlobalSection
	GlobalSection(ExtensibilityGlobals) = postSolution
		SolutionGuid = {66C2ACAA-0C23-4010-8109-9DCF27C505C7}
	EndGlobalSection
EndGlobal
