
Microsoft Visual Studio Solution File, Format Version 12.00
# Visual Studio Version 17
VisualStudioVersion = 17.8.34330.188
MinimumVisualStudioVersion = 10.0.40219.1
Project("{FAE04EC0-301F-11D3-BF4B-00C04F79EFBC}") = "Test_plc", "Test_plc.csproj", "{787A7E4B-687A-4189-9719-57D3AEC34EB7}"
EndProject
Global
	GlobalSection(SolutionConfigurationPlatforms) = preSolution
		Debug|Any CPU = Debug|Any CPU
		Release|Any CPU = Release|Any CPU
	EndGlobalSection
	GlobalSection(ProjectConfigurationPlatforms) = postSolution
		{787A7E4B-687A-4189-9719-57D3AEC34EB7}.Debug|Any CPU.ActiveCfg = Debug|Any CPU
		{787A7E4B-687A-4189-9719-57D3AEC34EB7}.Debug|Any CPU.Build.0 = Debug|Any CPU
		{787A7E4B-687A-4189-9719-57D3AEC34EB7}.Release|Any CPU.ActiveCfg = Release|Any CPU
		{787A7E4B-687A-4189-9719-57D3AEC34EB7}.Release|Any CPU.Build.0 = Release|Any CPU
	EndGlobalSection
	GlobalSection(SolutionProperties) = preSolution
		HideSolutionNode = FALSE
	EndGlobalSection
	GlobalSection(ExtensibilityGlobals) = postSolution
		SolutionGuid = {506A3B68-E828-4F18-9884-91A87C1D5147}
	EndGlobalSection
EndGlobal
