
Microsoft Visual Studio Solution File, Format Version 12.00
# Visual Studio Version 17
VisualStudioVersion = 17.8.34330.188
MinimumVisualStudioVersion = 10.0.40219.1
Project("{FAE04EC0-301F-11D3-BF4B-00C04F79EFBC}") = "q-1", "q-1.csproj", "{AEF4B8AA-D6E0-4A17-BF7E-794120766182}"
EndProject
Global
	GlobalSection(SolutionConfigurationPlatforms) = preSolution
		Debug|Any CPU = Debug|Any CPU
		Release|Any CPU = Release|Any CPU
	EndGlobalSection
	GlobalSection(ProjectConfigurationPlatforms) = postSolution
		{AEF4B8AA-D6E0-4A17-BF7E-794120766182}.Debug|Any CPU.ActiveCfg = Debug|Any CPU
		{AEF4B8AA-D6E0-4A17-BF7E-794120766182}.Debug|Any CPU.Build.0 = Debug|Any CPU
		{AEF4B8AA-D6E0-4A17-BF7E-794120766182}.Release|Any CPU.ActiveCfg = Release|Any CPU
		{AEF4B8AA-D6E0-4A17-BF7E-794120766182}.Release|Any CPU.Build.0 = Release|Any CPU
	EndGlobalSection
	GlobalSection(SolutionProperties) = preSolution
		HideSolutionNode = FALSE
	EndGlobalSection
	GlobalSection(ExtensibilityGlobals) = postSolution
		SolutionGuid = {3FAC6ED3-A300-4E1C-9511-BCE2AFC1D743}
	EndGlobalSection
EndGlobal
