
Microsoft Visual Studio Solution File, Format Version 12.00
# Visual Studio Version 17
VisualStudioVersion = 17.7.34031.279
MinimumVisualStudioVersion = 10.0.40219.1
Project("{FAE04EC0-301F-11D3-BF4B-00C04F79EFBC}") = "Patten", "Patten\Patten.csproj", "{6139AB6B-3405-4501-B43E-C11A3F342E5B}"
EndProject
Global
	GlobalSection(SolutionConfigurationPlatforms) = preSolution
		Debug|Any CPU = Debug|Any CPU
		Release|Any CPU = Release|Any CPU
	EndGlobalSection
	GlobalSection(ProjectConfigurationPlatforms) = postSolution
		{6139AB6B-3405-4501-B43E-C11A3F342E5B}.Debug|Any CPU.ActiveCfg = Debug|Any CPU
		{6139AB6B-3405-4501-B43E-C11A3F342E5B}.Debug|Any CPU.Build.0 = Debug|Any CPU
		{6139AB6B-3405-4501-B43E-C11A3F342E5B}.Release|Any CPU.ActiveCfg = Release|Any CPU
		{6139AB6B-3405-4501-B43E-C11A3F342E5B}.Release|Any CPU.Build.0 = Release|Any CPU
	EndGlobalSection
	GlobalSection(SolutionProperties) = preSolution
		HideSolutionNode = FALSE
	EndGlobalSection
	GlobalSection(ExtensibilityGlobals) = postSolution
		SolutionGuid = {8E89BB56-DDC0-4C55-98DC-00D4834E0615}
	EndGlobalSection
EndGlobal
