
Microsoft Visual Studio Solution File, Format Version 12.00
# Visual Studio Version 17
VisualStudioVersion = 17.7.34031.279
MinimumVisualStudioVersion = 10.0.40219.1
Project("{FAE04EC0-301F-11D3-BF4B-00C04F79EFBC}") = "Calculator", "Calculator\Calculator.csproj", "{2685A477-1F4C-47A0-842A-15B3FE4F124E}"
EndProject
Global
	GlobalSection(SolutionConfigurationPlatforms) = preSolution
		Debug|Any CPU = Debug|Any CPU
		Release|Any CPU = Release|Any CPU
	EndGlobalSection
	GlobalSection(ProjectConfigurationPlatforms) = postSolution
		{2685A477-1F4C-47A0-842A-15B3FE4F124E}.Debug|Any CPU.ActiveCfg = Debug|Any CPU
		{2685A477-1F4C-47A0-842A-15B3FE4F124E}.Debug|Any CPU.Build.0 = Debug|Any CPU
		{2685A477-1F4C-47A0-842A-15B3FE4F124E}.Release|Any CPU.ActiveCfg = Release|Any CPU
		{2685A477-1F4C-47A0-842A-15B3FE4F124E}.Release|Any CPU.Build.0 = Release|Any CPU
	EndGlobalSection
	GlobalSection(SolutionProperties) = preSolution
		HideSolutionNode = FALSE
	EndGlobalSection
	GlobalSection(ExtensibilityGlobals) = postSolution
		SolutionGuid = {A67B46D8-3D3A-478F-A388-3B172DF1E671}
	EndGlobalSection
EndGlobal
