
Microsoft Visual Studio Solution File, Format Version 12.00
# Visual Studio Version 17
VisualStudioVersion = 17.8.34330.188
MinimumVisualStudioVersion = 10.0.40219.1
Project("{FAE04EC0-301F-11D3-BF4B-00C04F79EFBC}") = "07_Patten", "07_Patten\07_Patten.csproj", "{2798C648-1CA2-47C6-90F4-1ED12AEADEAD}"
EndProject
Global
	GlobalSection(SolutionConfigurationPlatforms) = preSolution
		Debug|Any CPU = Debug|Any CPU
		Release|Any CPU = Release|Any CPU
	EndGlobalSection
	GlobalSection(ProjectConfigurationPlatforms) = postSolution
		{2798C648-1CA2-47C6-90F4-1ED12AEADEAD}.Debug|Any CPU.ActiveCfg = Debug|Any CPU
		{2798C648-1CA2-47C6-90F4-1ED12AEADEAD}.Debug|Any CPU.Build.0 = Debug|Any CPU
		{2798C648-1CA2-47C6-90F4-1ED12AEADEAD}.Release|Any CPU.ActiveCfg = Release|Any CPU
		{2798C648-1CA2-47C6-90F4-1ED12AEADEAD}.Release|Any CPU.Build.0 = Release|Any CPU
	EndGlobalSection
	GlobalSection(SolutionProperties) = preSolution
		HideSolutionNode = FALSE
	EndGlobalSection
	GlobalSection(ExtensibilityGlobals) = postSolution
		SolutionGuid = {668452EA-EF95-46BB-9E28-1435A0C68580}
	EndGlobalSection
EndGlobal
