
Microsoft Visual Studio Solution File, Format Version 12.00
# Visual Studio Version 17
VisualStudioVersion = 17.9.34622.214
MinimumVisualStudioVersion = 10.0.40219.1
Project("{FAE04EC0-301F-11D3-BF4B-00C04F79EFBC}") = "d4", "d4.csproj", "{3AD74B55-FB6A-422D-B931-330C2C6C6E85}"
EndProject
Global
	GlobalSection(SolutionConfigurationPlatforms) = preSolution
		Debug|Any CPU = Debug|Any CPU
		Release|Any CPU = Release|Any CPU
	EndGlobalSection
	GlobalSection(ProjectConfigurationPlatforms) = postSolution
		{3AD74B55-FB6A-422D-B931-330C2C6C6E85}.Debug|Any CPU.ActiveCfg = Debug|Any CPU
		{3AD74B55-FB6A-422D-B931-330C2C6C6E85}.Debug|Any CPU.Build.0 = Debug|Any CPU
		{3AD74B55-FB6A-422D-B931-330C2C6C6E85}.Release|Any CPU.ActiveCfg = Release|Any CPU
		{3AD74B55-FB6A-422D-B931-330C2C6C6E85}.Release|Any CPU.Build.0 = Release|Any CPU
	EndGlobalSection
	GlobalSection(SolutionProperties) = preSolution
		HideSolutionNode = FALSE
	EndGlobalSection
	GlobalSection(ExtensibilityGlobals) = postSolution
		SolutionGuid = {23BE8278-2F33-4CE8-98EC-C34EDEBEAF6B}
	EndGlobalSection
EndGlobal
