
Microsoft Visual Studio Solution File, Format Version 12.00
# Visual Studio Version 17
VisualStudioVersion = 17.7.34031.279
MinimumVisualStudioVersion = 10.0.40219.1
Project("{FAE04EC0-301F-11D3-BF4B-00C04F79EFBC}") = "Pr_01", "Pr_01\Pr_01.csproj", "{03AD7F8A-43C7-4E0E-BE82-E1C6E862D42D}"
EndProject
Global
	GlobalSection(SolutionConfigurationPlatforms) = preSolution
		Debug|Any CPU = Debug|Any CPU
		Release|Any CPU = Release|Any CPU
	EndGlobalSection
	GlobalSection(ProjectConfigurationPlatforms) = postSolution
		{03AD7F8A-43C7-4E0E-BE82-E1C6E862D42D}.Debug|Any CPU.ActiveCfg = Debug|Any CPU
		{03AD7F8A-43C7-4E0E-BE82-E1C6E862D42D}.Debug|Any CPU.Build.0 = Debug|Any CPU
		{03AD7F8A-43C7-4E0E-BE82-E1C6E862D42D}.Release|Any CPU.ActiveCfg = Release|Any CPU
		{03AD7F8A-43C7-4E0E-BE82-E1C6E862D42D}.Release|Any CPU.Build.0 = Release|Any CPU
	EndGlobalSection
	GlobalSection(SolutionProperties) = preSolution
		HideSolutionNode = FALSE
	EndGlobalSection
	GlobalSection(ExtensibilityGlobals) = postSolution
		SolutionGuid = {E2933A0F-8E1B-480E-B28A-D9BEA7CFFC5A}
	EndGlobalSection
EndGlobal
