
Microsoft Visual Studio Solution File, Format Version 12.00
# Visual Studio Version 17
VisualStudioVersion = 17.8.34330.188
MinimumVisualStudioVersion = 10.0.40219.1
Project("{FAE04EC0-301F-11D3-BF4B-00C04F79EFBC}") = "WebApplication2", "WebApplication2.csproj", "{C493B3E4-62E0-48FB-B506-82E8CC175212}"
EndProject
Global
	GlobalSection(SolutionConfigurationPlatforms) = preSolution
		Debug|Any CPU = Debug|Any CPU
		Release|Any CPU = Release|Any CPU
	EndGlobalSection
	GlobalSection(ProjectConfigurationPlatforms) = postSolution
		{C493B3E4-62E0-48FB-B506-82E8CC175212}.Debug|Any CPU.ActiveCfg = Debug|Any CPU
		{C493B3E4-62E0-48FB-B506-82E8CC175212}.Debug|Any CPU.Build.0 = Debug|Any CPU
		{C493B3E4-62E0-48FB-B506-82E8CC175212}.Release|Any CPU.ActiveCfg = Release|Any CPU
		{C493B3E4-62E0-48FB-B506-82E8CC175212}.Release|Any CPU.Build.0 = Release|Any CPU
	EndGlobalSection
	GlobalSection(SolutionProperties) = preSolution
		HideSolutionNode = FALSE
	EndGlobalSection
	GlobalSection(ExtensibilityGlobals) = postSolution
		SolutionGuid = {925EB508-9DBF-42D6-BFF7-1486377815FB}
	EndGlobalSection
EndGlobal
