
Microsoft Visual Studio Solution File, Format Version 12.00
# Visual Studio Version 17
VisualStudioVersion = 17.9.34622.214
MinimumVisualStudioVersion = 10.0.40219.1
Project("{FAE04EC0-301F-11D3-BF4B-00C04F79EFBC}") = "DataBaseCRUD", "DataBaseCRUD.csproj", "{997FDF92-3CB5-4201-9DC3-3878A5B15008}"
EndProject
Global
	GlobalSection(SolutionConfigurationPlatforms) = preSolution
		Debug|Any CPU = Debug|Any CPU
		Release|Any CPU = Release|Any CPU
	EndGlobalSection
	GlobalSection(ProjectConfigurationPlatforms) = postSolution
		{997FDF92-3CB5-4201-9DC3-3878A5B15008}.Debug|Any CPU.ActiveCfg = Debug|Any CPU
		{997FDF92-3CB5-4201-9DC3-3878A5B15008}.Debug|Any CPU.Build.0 = Debug|Any CPU
		{997FDF92-3CB5-4201-9DC3-3878A5B15008}.Release|Any CPU.ActiveCfg = Release|Any CPU
		{997FDF92-3CB5-4201-9DC3-3878A5B15008}.Release|Any CPU.Build.0 = Release|Any CPU
	EndGlobalSection
	GlobalSection(SolutionProperties) = preSolution
		HideSolutionNode = FALSE
	EndGlobalSection
	GlobalSection(ExtensibilityGlobals) = postSolution
		SolutionGuid = {7C11CE7F-4A40-4A2F-8747-34550968A4D4}
	EndGlobalSection
EndGlobal
