
Microsoft Visual Studio Solution File, Format Version 12.00
# Visual Studio Version 17
VisualStudioVersion = 17.8.34330.188
MinimumVisualStudioVersion = 10.0.40219.1
Project("{FAE04EC0-301F-11D3-BF4B-00C04F79EFBC}") = "q-2", "q-2.csproj", "{B6EA4AAF-2726-4344-9AE7-329AFE3B2632}"
EndProject
Global
	GlobalSection(SolutionConfigurationPlatforms) = preSolution
		Debug|Any CPU = Debug|Any CPU
		Release|Any CPU = Release|Any CPU
	EndGlobalSection
	GlobalSection(ProjectConfigurationPlatforms) = postSolution
		{B6EA4AAF-2726-4344-9AE7-329AFE3B2632}.Debug|Any CPU.ActiveCfg = Debug|Any CPU
		{B6EA4AAF-2726-4344-9AE7-329AFE3B2632}.Debug|Any CPU.Build.0 = Debug|Any CPU
		{B6EA4AAF-2726-4344-9AE7-329AFE3B2632}.Release|Any CPU.ActiveCfg = Release|Any CPU
		{B6EA4AAF-2726-4344-9AE7-329AFE3B2632}.Release|Any CPU.Build.0 = Release|Any CPU
	EndGlobalSection
	GlobalSection(SolutionProperties) = preSolution
		HideSolutionNode = FALSE
	EndGlobalSection
	GlobalSection(ExtensibilityGlobals) = postSolution
		SolutionGuid = {222B98EE-838C-4053-A3D3-6F1BB6FAB1F1}
	EndGlobalSection
EndGlobal
