
Microsoft Visual Studio Solution File, Format Version 12.00
# Visual Studio Version 17
VisualStudioVersion = 17.8.34330.188
MinimumVisualStudioVersion = 10.0.40219.1
Project("{FAE04EC0-301F-11D3-BF4B-00C04F79EFBC}") = "StringLength", "StringLength.csproj", "{9BACE9DB-75D2-4511-8D63-5618F02B7819}"
EndProject
Global
	GlobalSection(SolutionConfigurationPlatforms) = preSolution
		Debug|Any CPU = Debug|Any CPU
		Release|Any CPU = Release|Any CPU
	EndGlobalSection
	GlobalSection(ProjectConfigurationPlatforms) = postSolution
		{9BACE9DB-75D2-4511-8D63-5618F02B7819}.Debug|Any CPU.ActiveCfg = Debug|Any CPU
		{9BACE9DB-75D2-4511-8D63-5618F02B7819}.Debug|Any CPU.Build.0 = Debug|Any CPU
		{9BACE9DB-75D2-4511-8D63-5618F02B7819}.Release|Any CPU.ActiveCfg = Release|Any CPU
		{9BACE9DB-75D2-4511-8D63-5618F02B7819}.Release|Any CPU.Build.0 = Release|Any CPU
	EndGlobalSection
	GlobalSection(SolutionProperties) = preSolution
		HideSolutionNode = FALSE
	EndGlobalSection
	GlobalSection(ExtensibilityGlobals) = postSolution
		SolutionGuid = {E8120378-1306-486A-9E25-EFA3BD48ECF3}
	EndGlobalSection
EndGlobal
