
Microsoft Visual Studio Solution File, Format Version 12.00
# Visual Studio Version 17
VisualStudioVersion = 17.8.34330.188
MinimumVisualStudioVersion = 10.0.40219.1
Project("{FAE04EC0-301F-11D3-BF4B-00C04F79EFBC}") = "Demo_Crud", "Demo_Crud.csproj", "{9B1F39F0-773A-4036-95F5-1E0AF0042454}"
EndProject
Global
	GlobalSection(SolutionConfigurationPlatforms) = preSolution
		Debug|Any CPU = Debug|Any CPU
		Release|Any CPU = Release|Any CPU
	EndGlobalSection
	GlobalSection(ProjectConfigurationPlatforms) = postSolution
		{9B1F39F0-773A-4036-95F5-1E0AF0042454}.Debug|Any CPU.ActiveCfg = Debug|Any CPU
		{9B1F39F0-773A-4036-95F5-1E0AF0042454}.Debug|Any CPU.Build.0 = Debug|Any CPU
		{9B1F39F0-773A-4036-95F5-1E0AF0042454}.Release|Any CPU.ActiveCfg = Release|Any CPU
		{9B1F39F0-773A-4036-95F5-1E0AF0042454}.Release|Any CPU.Build.0 = Release|Any CPU
	EndGlobalSection
	GlobalSection(SolutionProperties) = preSolution
		HideSolutionNode = FALSE
	EndGlobalSection
	GlobalSection(ExtensibilityGlobals) = postSolution
		SolutionGuid = {E911C4B1-338F-4AF0-9C47-0C29B7D7A9E6}
	EndGlobalSection
EndGlobal
