
Microsoft Visual Studio Solution File, Format Version 12.00
# Visual Studio Version 17
VisualStudioVersion = 17.8.34330.188
MinimumVisualStudioVersion = 10.0.40219.1
Project("{FAE04EC0-301F-11D3-BF4B-00C04F79EFBC}") = "Validation_Control", "Validation_Control\Validation_Control.csproj", "{6CBA425D-78D7-404A-A19B-50ADCA47B421}"
EndProject
Global
	GlobalSection(SolutionConfigurationPlatforms) = preSolution
		Debug|Any CPU = Debug|Any CPU
		Release|Any CPU = Release|Any CPU
	EndGlobalSection
	GlobalSection(ProjectConfigurationPlatforms) = postSolution
		{6CBA425D-78D7-404A-A19B-50ADCA47B421}.Debug|Any CPU.ActiveCfg = Debug|Any CPU
		{6CBA425D-78D7-404A-A19B-50ADCA47B421}.Debug|Any CPU.Build.0 = Debug|Any CPU
		{6CBA425D-78D7-404A-A19B-50ADCA47B421}.Release|Any CPU.ActiveCfg = Release|Any CPU
		{6CBA425D-78D7-404A-A19B-50ADCA47B421}.Release|Any CPU.Build.0 = Release|Any CPU
	EndGlobalSection
	GlobalSection(SolutionProperties) = preSolution
		HideSolutionNode = FALSE
	EndGlobalSection
	GlobalSection(ExtensibilityGlobals) = postSolution
		SolutionGuid = {19479C91-26A9-4AA5-A9B1-6AEB5C654406}
	EndGlobalSection
EndGlobal
