
Microsoft Visual Studio Solution File, Format Version 12.00
# Visual Studio Version 17
VisualStudioVersion = 17.8.34330.188
MinimumVisualStudioVersion = 10.0.40219.1
Project("{FAE04EC0-301F-11D3-BF4B-00C04F79EFBC}") = "Complete_Crud", "Complete_Crud.csproj", "{F4808548-F9B9-489C-93E6-F6FE8F782CFD}"
EndProject
Global
	GlobalSection(SolutionConfigurationPlatforms) = preSolution
		Debug|Any CPU = Debug|Any CPU
		Release|Any CPU = Release|Any CPU
	EndGlobalSection
	GlobalSection(ProjectConfigurationPlatforms) = postSolution
		{F4808548-F9B9-489C-93E6-F6FE8F782CFD}.Debug|Any CPU.ActiveCfg = Debug|Any CPU
		{F4808548-F9B9-489C-93E6-F6FE8F782CFD}.Debug|Any CPU.Build.0 = Debug|Any CPU
		{F4808548-F9B9-489C-93E6-F6FE8F782CFD}.Release|Any CPU.ActiveCfg = Release|Any CPU
		{F4808548-F9B9-489C-93E6-F6FE8F782CFD}.Release|Any CPU.Build.0 = Release|Any CPU
	EndGlobalSection
	GlobalSection(SolutionProperties) = preSolution
		HideSolutionNode = FALSE
	EndGlobalSection
	GlobalSection(ExtensibilityGlobals) = postSolution
		SolutionGuid = {AC654553-5297-49B9-86EB-790C37D045AA}
	EndGlobalSection
EndGlobal
