
Microsoft Visual Studio Solution File, Format Version 12.00
# Visual Studio Version 17
VisualStudioVersion = 17.8.34330.188
MinimumVisualStudioVersion = 10.0.40219.1
Project("{FAE04EC0-301F-11D3-BF4B-00C04F79EFBC}") = "04_Conditional_Statement", "04_Conditional_Statement\04_Conditional_Statement.csproj", "{DE6E10F9-C219-4029-9A04-2A10FFCD2355}"
EndProject
Global
	GlobalSection(SolutionConfigurationPlatforms) = preSolution
		Debug|Any CPU = Debug|Any CPU
		Release|Any CPU = Release|Any CPU
	EndGlobalSection
	GlobalSection(ProjectConfigurationPlatforms) = postSolution
		{DE6E10F9-C219-4029-9A04-2A10FFCD2355}.Debug|Any CPU.ActiveCfg = Debug|Any CPU
		{DE6E10F9-C219-4029-9A04-2A10FFCD2355}.Debug|Any CPU.Build.0 = Debug|Any CPU
		{DE6E10F9-C219-4029-9A04-2A10FFCD2355}.Release|Any CPU.ActiveCfg = Release|Any CPU
		{DE6E10F9-C219-4029-9A04-2A10FFCD2355}.Release|Any CPU.Build.0 = Release|Any CPU
	EndGlobalSection
	GlobalSection(SolutionProperties) = preSolution
		HideSolutionNode = FALSE
	EndGlobalSection
	GlobalSection(ExtensibilityGlobals) = postSolution
		SolutionGuid = {483BE2CD-33FA-4AA4-A64F-674B77053A2F}
	EndGlobalSection
EndGlobal
