
Microsoft Visual Studio Solution File, Format Version 12.00
# Visual Studio Version 17
VisualStudioVersion = 17.8.34330.188
MinimumVisualStudioVersion = 10.0.40219.1
Project("{FAE04EC0-301F-11D3-BF4B-00C04F79EFBC}") = "Demo_P", "Demo_P\Demo_P.csproj", "{661F50F5-686B-4249-992E-8E1DD306F5E1}"
EndProject
Global
	GlobalSection(SolutionConfigurationPlatforms) = preSolution
		Debug|Any CPU = Debug|Any CPU
		Release|Any CPU = Release|Any CPU
	EndGlobalSection
	GlobalSection(ProjectConfigurationPlatforms) = postSolution
		{661F50F5-686B-4249-992E-8E1DD306F5E1}.Debug|Any CPU.ActiveCfg = Debug|Any CPU
		{661F50F5-686B-4249-992E-8E1DD306F5E1}.Debug|Any CPU.Build.0 = Debug|Any CPU
		{661F50F5-686B-4249-992E-8E1DD306F5E1}.Release|Any CPU.ActiveCfg = Release|Any CPU
		{661F50F5-686B-4249-992E-8E1DD306F5E1}.Release|Any CPU.Build.0 = Release|Any CPU
	EndGlobalSection
	GlobalSection(SolutionProperties) = preSolution
		HideSolutionNode = FALSE
	EndGlobalSection
	GlobalSection(ExtensibilityGlobals) = postSolution
		SolutionGuid = {813D1776-4ACE-44AC-A536-DE750A869EA1}
	EndGlobalSection
EndGlobal
