
Microsoft Visual Studio Solution File, Format Version 12.00
# Visual Studio Version 17
VisualStudioVersion = 17.8.34330.188
MinimumVisualStudioVersion = 10.0.40219.1
Project("{FAE04EC0-301F-11D3-BF4B-00C04F79EFBC}") = "01_HelloWorld", "01_HelloWorld\01_HelloWorld.csproj", "{A218CEDE-3768-433D-9BB7-3B4DA5682A88}"
EndProject
Global
	GlobalSection(SolutionConfigurationPlatforms) = preSolution
		Debug|Any CPU = Debug|Any CPU
		Release|Any CPU = Release|Any CPU
	EndGlobalSection
	GlobalSection(ProjectConfigurationPlatforms) = postSolution
		{A218CEDE-3768-433D-9BB7-3B4DA5682A88}.Debug|Any CPU.ActiveCfg = Debug|Any CPU
		{A218CEDE-3768-433D-9BB7-3B4DA5682A88}.Debug|Any CPU.Build.0 = Debug|Any CPU
		{A218CEDE-3768-433D-9BB7-3B4DA5682A88}.Release|Any CPU.ActiveCfg = Release|Any CPU
		{A218CEDE-3768-433D-9BB7-3B4DA5682A88}.Release|Any CPU.Build.0 = Release|Any CPU
	EndGlobalSection
	GlobalSection(SolutionProperties) = preSolution
		HideSolutionNode = FALSE
	EndGlobalSection
	GlobalSection(ExtensibilityGlobals) = postSolution
		SolutionGuid = {2BB9D81B-E231-44C6-90F5-CC420BBE7AD6}
	EndGlobalSection
EndGlobal
