
Microsoft Visual Studio Solution File, Format Version 12.00
# Visual Studio Version 17
VisualStudioVersion = 17.8.34330.188
MinimumVisualStudioVersion = 10.0.40219.1
Project("{FAE04EC0-301F-11D3-BF4B-00C04F79EFBC}") = "PrimeNumber", "PrimeNumber.csproj", "{7819D6CD-E3D3-466D-981F-3CF7E08B433A}"
EndProject
Global
	GlobalSection(SolutionConfigurationPlatforms) = preSolution
		Debug|Any CPU = Debug|Any CPU
		Release|Any CPU = Release|Any CPU
	EndGlobalSection
	GlobalSection(ProjectConfigurationPlatforms) = postSolution
		{7819D6CD-E3D3-466D-981F-3CF7E08B433A}.Debug|Any CPU.ActiveCfg = Debug|Any CPU
		{7819D6CD-E3D3-466D-981F-3CF7E08B433A}.Debug|Any CPU.Build.0 = Debug|Any CPU
		{7819D6CD-E3D3-466D-981F-3CF7E08B433A}.Release|Any CPU.ActiveCfg = Release|Any CPU
		{7819D6CD-E3D3-466D-981F-3CF7E08B433A}.Release|Any CPU.Build.0 = Release|Any CPU
	EndGlobalSection
	GlobalSection(SolutionProperties) = preSolution
		HideSolutionNode = FALSE
	EndGlobalSection
	GlobalSection(ExtensibilityGlobals) = postSolution
		SolutionGuid = {7362FDD2-9A5D-447A-853D-847B19D792E0}
	EndGlobalSection
EndGlobal
