
Microsoft Visual Studio Solution File, Format Version 12.00
# Visual Studio Version 17
VisualStudioVersion = 17.8.34330.188
MinimumVisualStudioVersion = 10.0.40219.1
Project("{FAE04EC0-301F-11D3-BF4B-00C04F79EFBC}") = "Mvc01", "Mvc01.csproj", "{88925BEE-D250-4A17-803F-CD97AE414EBE}"
EndProject
Global
	GlobalSection(SolutionConfigurationPlatforms) = preSolution
		Debug|Any CPU = Debug|Any CPU
		Release|Any CPU = Release|Any CPU
	EndGlobalSection
	GlobalSection(ProjectConfigurationPlatforms) = postSolution
		{88925BEE-D250-4A17-803F-CD97AE414EBE}.Debug|Any CPU.ActiveCfg = Debug|Any CPU
		{88925BEE-D250-4A17-803F-CD97AE414EBE}.Debug|Any CPU.Build.0 = Debug|Any CPU
		{88925BEE-D250-4A17-803F-CD97AE414EBE}.Release|Any CPU.ActiveCfg = Release|Any CPU
		{88925BEE-D250-4A17-803F-CD97AE414EBE}.Release|Any CPU.Build.0 = Release|Any CPU
	EndGlobalSection
	GlobalSection(SolutionProperties) = preSolution
		HideSolutionNode = FALSE
	EndGlobalSection
	GlobalSection(ExtensibilityGlobals) = postSolution
		SolutionGuid = {75CEA6E5-0907-4472-8205-F9D609EA0340}
	EndGlobalSection
EndGlobal
