
Microsoft Visual Studio Solution File, Format Version 12.00
# Visual Studio Version 17
VisualStudioVersion = 17.8.34330.188
MinimumVisualStudioVersion = 10.0.40219.1
Project("{FAE04EC0-301F-11D3-BF4B-00C04F79EFBC}") = "String_join", "String_join.csproj", "{EE3F042C-21AD-4917-828D-BE03E9ECB933}"
EndProject
Global
	GlobalSection(SolutionConfigurationPlatforms) = preSolution
		Debug|Any CPU = Debug|Any CPU
		Release|Any CPU = Release|Any CPU
	EndGlobalSection
	GlobalSection(ProjectConfigurationPlatforms) = postSolution
		{EE3F042C-21AD-4917-828D-BE03E9ECB933}.Debug|Any CPU.ActiveCfg = Debug|Any CPU
		{EE3F042C-21AD-4917-828D-BE03E9ECB933}.Debug|Any CPU.Build.0 = Debug|Any CPU
		{EE3F042C-21AD-4917-828D-BE03E9ECB933}.Release|Any CPU.ActiveCfg = Release|Any CPU
		{EE3F042C-21AD-4917-828D-BE03E9ECB933}.Release|Any CPU.Build.0 = Release|Any CPU
	EndGlobalSection
	GlobalSection(SolutionProperties) = preSolution
		HideSolutionNode = FALSE
	EndGlobalSection
	GlobalSection(ExtensibilityGlobals) = postSolution
		SolutionGuid = {FB237A16-ECE1-4AB7-99CE-C13DCEADE98C}
	EndGlobalSection
EndGlobal
