
Microsoft Visual Studio Solution File, Format Version 12.00
# Visual Studio Version 17
VisualStudioVersion = 17.8.34330.188
MinimumVisualStudioVersion = 10.0.40219.1
Project("{FAE04EC0-301F-11D3-BF4B-00C04F79EFBC}") = "Demo_Project", "Demo_Project\Demo_Project.csproj", "{61B1BAB0-76A2-42B1-8A45-C10975D0B744}"
EndProject
Global
	GlobalSection(SolutionConfigurationPlatforms) = preSolution
		Debug|Any CPU = Debug|Any CPU
		Release|Any CPU = Release|Any CPU
	EndGlobalSection
	GlobalSection(ProjectConfigurationPlatforms) = postSolution
		{61B1BAB0-76A2-42B1-8A45-C10975D0B744}.Debug|Any CPU.ActiveCfg = Debug|Any CPU
		{61B1BAB0-76A2-42B1-8A45-C10975D0B744}.Debug|Any CPU.Build.0 = Debug|Any CPU
		{61B1BAB0-76A2-42B1-8A45-C10975D0B744}.Release|Any CPU.ActiveCfg = Release|Any CPU
		{61B1BAB0-76A2-42B1-8A45-C10975D0B744}.Release|Any CPU.Build.0 = Release|Any CPU
	EndGlobalSection
	GlobalSection(SolutionProperties) = preSolution
		HideSolutionNode = FALSE
	EndGlobalSection
	GlobalSection(ExtensibilityGlobals) = postSolution
		SolutionGuid = {4A678E8C-184D-4821-A8A5-2658F0579A56}
	EndGlobalSection
EndGlobal
