
Microsoft Visual Studio Solution File, Format Version 12.00
# Visual Studio Version 17
VisualStudioVersion = 17.8.34330.188
MinimumVisualStudioVersion = 10.0.40219.1
Project("{FAE04EC0-301F-11D3-BF4B-00C04F79EFBC}") = "03_Variable_Example", "03_Variable_Example\03_Variable_Example.csproj", "{3A652AC7-BDB7-4BAE-AE75-6E780032A17F}"
EndProject
Global
	GlobalSection(SolutionConfigurationPlatforms) = preSolution
		Debug|Any CPU = Debug|Any CPU
		Release|Any CPU = Release|Any CPU
	EndGlobalSection
	GlobalSection(ProjectConfigurationPlatforms) = postSolution
		{3A652AC7-BDB7-4BAE-AE75-6E780032A17F}.Debug|Any CPU.ActiveCfg = Debug|Any CPU
		{3A652AC7-BDB7-4BAE-AE75-6E780032A17F}.Debug|Any CPU.Build.0 = Debug|Any CPU
		{3A652AC7-BDB7-4BAE-AE75-6E780032A17F}.Release|Any CPU.ActiveCfg = Release|Any CPU
		{3A652AC7-BDB7-4BAE-AE75-6E780032A17F}.Release|Any CPU.Build.0 = Release|Any CPU
	EndGlobalSection
	GlobalSection(SolutionProperties) = preSolution
		HideSolutionNode = FALSE
	EndGlobalSection
	GlobalSection(ExtensibilityGlobals) = postSolution
		SolutionGuid = {728B5189-4328-4E8F-8F4A-F4165929E857}
	EndGlobalSection
EndGlobal
