
Microsoft Visual Studio Solution File, Format Version 12.00
# Visual Studio Version 17
VisualStudioVersion = 17.9.34622.214
MinimumVisualStudioVersion = 10.0.40219.1
Project("{FAE04EC0-301F-11D3-BF4B-00C04F79EFBC}") = "Question_04", "Question_04.csproj", "{1244A595-7481-4AB1-9733-03D7DA02AB14}"
EndProject
Global
	GlobalSection(SolutionConfigurationPlatforms) = preSolution
		Debug|Any CPU = Debug|Any CPU
		Release|Any CPU = Release|Any CPU
	EndGlobalSection
	GlobalSection(ProjectConfigurationPlatforms) = postSolution
		{1244A595-7481-4AB1-9733-03D7DA02AB14}.Debug|Any CPU.ActiveCfg = Debug|Any CPU
		{1244A595-7481-4AB1-9733-03D7DA02AB14}.Debug|Any CPU.Build.0 = Debug|Any CPU
		{1244A595-7481-4AB1-9733-03D7DA02AB14}.Release|Any CPU.ActiveCfg = Release|Any CPU
		{1244A595-7481-4AB1-9733-03D7DA02AB14}.Release|Any CPU.Build.0 = Release|Any CPU
	EndGlobalSection
	GlobalSection(SolutionProperties) = preSolution
		HideSolutionNode = FALSE
	EndGlobalSection
	GlobalSection(ExtensibilityGlobals) = postSolution
		SolutionGuid = {5B9CE98D-66CF-450B-BD39-055DCBD33281}
	EndGlobalSection
EndGlobal
