
Microsoft Visual Studio Solution File, Format Version 12.00
# Visual Studio Version 17
VisualStudioVersion = 17.8.34330.188
MinimumVisualStudioVersion = 10.0.40219.1
Project("{FAE04EC0-301F-11D3-BF4B-00C04F79EFBC}") = "q-3", "q-3.csproj", "{1D5C08A6-ED36-4D05-85EE-1AFA25C25072}"
EndProject
Global
	GlobalSection(SolutionConfigurationPlatforms) = preSolution
		Debug|Any CPU = Debug|Any CPU
		Release|Any CPU = Release|Any CPU
	EndGlobalSection
	GlobalSection(ProjectConfigurationPlatforms) = postSolution
		{1D5C08A6-ED36-4D05-85EE-1AFA25C25072}.Debug|Any CPU.ActiveCfg = Debug|Any CPU
		{1D5C08A6-ED36-4D05-85EE-1AFA25C25072}.Debug|Any CPU.Build.0 = Debug|Any CPU
		{1D5C08A6-ED36-4D05-85EE-1AFA25C25072}.Release|Any CPU.ActiveCfg = Release|Any CPU
		{1D5C08A6-ED36-4D05-85EE-1AFA25C25072}.Release|Any CPU.Build.0 = Release|Any CPU
	EndGlobalSection
	GlobalSection(SolutionProperties) = preSolution
		HideSolutionNode = FALSE
	EndGlobalSection
	GlobalSection(ExtensibilityGlobals) = postSolution
		SolutionGuid = {D9B06151-5068-4BD7-AA7C-1C5C595DE1AD}
	EndGlobalSection
EndGlobal
