
Microsoft Visual Studio Solution File, Format Version 12.00
# Visual Studio Version 17
VisualStudioVersion = 17.8.34330.188
MinimumVisualStudioVersion = 10.0.40219.1
Project("{FAE04EC0-301F-11D3-BF4B-00C04F79EFBC}") = "Prime_number", "Prime_number.csproj", "{296E5ADC-CC65-4093-8B26-73040A7EE9ED}"
EndProject
Global
	GlobalSection(SolutionConfigurationPlatforms) = preSolution
		Debug|Any CPU = Debug|Any CPU
		Release|Any CPU = Release|Any CPU
	EndGlobalSection
	GlobalSection(ProjectConfigurationPlatforms) = postSolution
		{296E5ADC-CC65-4093-8B26-73040A7EE9ED}.Debug|Any CPU.ActiveCfg = Debug|Any CPU
		{296E5ADC-CC65-4093-8B26-73040A7EE9ED}.Debug|Any CPU.Build.0 = Debug|Any CPU
		{296E5ADC-CC65-4093-8B26-73040A7EE9ED}.Release|Any CPU.ActiveCfg = Release|Any CPU
		{296E5ADC-CC65-4093-8B26-73040A7EE9ED}.Release|Any CPU.Build.0 = Release|Any CPU
	EndGlobalSection
	GlobalSection(SolutionProperties) = preSolution
		HideSolutionNode = FALSE
	EndGlobalSection
	GlobalSection(ExtensibilityGlobals) = postSolution
		SolutionGuid = {DCE7928A-5871-431D-81BE-FDCC6DFEA2AF}
	EndGlobalSection
EndGlobal
