
Microsoft Visual Studio Solution File, Format Version 12.00
# Visual Studio Version 17
VisualStudioVersion = 17.9.34622.214
MinimumVisualStudioVersion = 10.0.40219.1
Project("{FAE04EC0-301F-11D3-BF4B-00C04F79EFBC}") = "Question_07", "Question_07.csproj", "{8DF1C642-A473-4D4C-813C-8BBCB2E5BC2E}"
EndProject
Global
	GlobalSection(SolutionConfigurationPlatforms) = preSolution
		Debug|Any CPU = Debug|Any CPU
		Release|Any CPU = Release|Any CPU
	EndGlobalSection
	GlobalSection(ProjectConfigurationPlatforms) = postSolution
		{8DF1C642-A473-4D4C-813C-8BBCB2E5BC2E}.Debug|Any CPU.ActiveCfg = Debug|Any CPU
		{8DF1C642-A473-4D4C-813C-8BBCB2E5BC2E}.Debug|Any CPU.Build.0 = Debug|Any CPU
		{8DF1C642-A473-4D4C-813C-8BBCB2E5BC2E}.Release|Any CPU.ActiveCfg = Release|Any CPU
		{8DF1C642-A473-4D4C-813C-8BBCB2E5BC2E}.Release|Any CPU.Build.0 = Release|Any CPU
	EndGlobalSection
	GlobalSection(SolutionProperties) = preSolution
		HideSolutionNode = FALSE
	EndGlobalSection
	GlobalSection(ExtensibilityGlobals) = postSolution
		SolutionGuid = {09B4B84F-11CC-409F-9D3A-F738544639A6}
	EndGlobalSection
EndGlobal
