
Microsoft Visual Studio Solution File, Format Version 12.00
# Visual Studio Version 17
VisualStudioVersion = 17.8.34330.188
MinimumVisualStudioVersion = 10.0.40219.1
Project("{FAE04EC0-301F-11D3-BF4B-00C04F79EFBC}") = "Demo_01", "Demo_01\Demo_01.csproj", "{6FB21702-85FA-4EB5-A671-98E62CB0BE33}"
EndProject
Global
	GlobalSection(SolutionConfigurationPlatforms) = preSolution
		Debug|Any CPU = Debug|Any CPU
		Release|Any CPU = Release|Any CPU
	EndGlobalSection
	GlobalSection(ProjectConfigurationPlatforms) = postSolution
		{6FB21702-85FA-4EB5-A671-98E62CB0BE33}.Debug|Any CPU.ActiveCfg = Debug|Any CPU
		{6FB21702-85FA-4EB5-A671-98E62CB0BE33}.Debug|Any CPU.Build.0 = Debug|Any CPU
		{6FB21702-85FA-4EB5-A671-98E62CB0BE33}.Release|Any CPU.ActiveCfg = Release|Any CPU
		{6FB21702-85FA-4EB5-A671-98E62CB0BE33}.Release|Any CPU.Build.0 = Release|Any CPU
	EndGlobalSection
	GlobalSection(SolutionProperties) = preSolution
		HideSolutionNode = FALSE
	EndGlobalSection
	GlobalSection(ExtensibilityGlobals) = postSolution
		SolutionGuid = {7FF4A49A-0BEC-4829-9F2A-0CD1CEA9C322}
	EndGlobalSection
EndGlobal
