
Microsoft Visual Studio Solution File, Format Version 12.00
# Visual Studio Version 17
VisualStudioVersion = 17.9.34622.214
MinimumVisualStudioVersion = 10.0.40219.1
Project("{FAE04EC0-301F-11D3-BF4B-00C04F79EFBC}") = "Mvc_View", "Mvc_View.csproj", "{1CCF2BEE-8380-4FF8-8FD1-3DAB9A853E7C}"
EndProject
Global
	GlobalSection(SolutionConfigurationPlatforms) = preSolution
		Debug|Any CPU = Debug|Any CPU
		Release|Any CPU = Release|Any CPU
	EndGlobalSection
	GlobalSection(ProjectConfigurationPlatforms) = postSolution
		{1CCF2BEE-8380-4FF8-8FD1-3DAB9A853E7C}.Debug|Any CPU.ActiveCfg = Debug|Any CPU
		{1CCF2BEE-8380-4FF8-8FD1-3DAB9A853E7C}.Debug|Any CPU.Build.0 = Debug|Any CPU
		{1CCF2BEE-8380-4FF8-8FD1-3DAB9A853E7C}.Release|Any CPU.ActiveCfg = Release|Any CPU
		{1CCF2BEE-8380-4FF8-8FD1-3DAB9A853E7C}.Release|Any CPU.Build.0 = Release|Any CPU
	EndGlobalSection
	GlobalSection(SolutionProperties) = preSolution
		HideSolutionNode = FALSE
	EndGlobalSection
	GlobalSection(ExtensibilityGlobals) = postSolution
		SolutionGuid = {5B5ED34B-9171-4F60-A462-6DA9A7BDDFA8}
	EndGlobalSection
EndGlobal
