
Microsoft Visual Studio Solution File, Format Version 12.00
# Visual Studio Version 17
VisualStudioVersion = 17.9.34622.214
MinimumVisualStudioVersion = 10.0.40219.1
Project("{FAE04EC0-301F-11D3-BF4B-00C04F79EFBC}") = "ViewBag_ViewData", "ViewBag_ViewData.csproj", "{90307868-270A-4F6F-9ABF-5ABEE30F20AA}"
EndProject
Global
	GlobalSection(SolutionConfigurationPlatforms) = preSolution
		Debug|Any CPU = Debug|Any CPU
		Release|Any CPU = Release|Any CPU
	EndGlobalSection
	GlobalSection(ProjectConfigurationPlatforms) = postSolution
		{90307868-270A-4F6F-9ABF-5ABEE30F20AA}.Debug|Any CPU.ActiveCfg = Debug|Any CPU
		{90307868-270A-4F6F-9ABF-5ABEE30F20AA}.Debug|Any CPU.Build.0 = Debug|Any CPU
		{90307868-270A-4F6F-9ABF-5ABEE30F20AA}.Release|Any CPU.ActiveCfg = Release|Any CPU
		{90307868-270A-4F6F-9ABF-5ABEE30F20AA}.Release|Any CPU.Build.0 = Release|Any CPU
	EndGlobalSection
	GlobalSection(SolutionProperties) = preSolution
		HideSolutionNode = FALSE
	EndGlobalSection
	GlobalSection(ExtensibilityGlobals) = postSolution
		SolutionGuid = {27D9F1DE-2AB6-4D0C-A682-162CA4A2A1B1}
	EndGlobalSection
EndGlobal
