
Microsoft Visual Studio Solution File, Format Version 12.00
# Visual Studio Version 17
VisualStudioVersion = 17.9.34622.214
MinimumVisualStudioVersion = 10.0.40219.1
Project("{FAE04EC0-301F-11D3-BF4B-00C04F79EFBC}") = "Globalization_Localization", "Globalization_Localization.csproj", "{89B7FBCD-DC0C-4B60-9E6B-C879DA77F004}"
EndProject
Global
	GlobalSection(SolutionConfigurationPlatforms) = preSolution
		Debug|Any CPU = Debug|Any CPU
		Release|Any CPU = Release|Any CPU
	EndGlobalSection
	GlobalSection(ProjectConfigurationPlatforms) = postSolution
		{89B7FBCD-DC0C-4B60-9E6B-C879DA77F004}.Debug|Any CPU.ActiveCfg = Debug|Any CPU
		{89B7FBCD-DC0C-4B60-9E6B-C879DA77F004}.Debug|Any CPU.Build.0 = Debug|Any CPU
		{89B7FBCD-DC0C-4B60-9E6B-C879DA77F004}.Release|Any CPU.ActiveCfg = Release|Any CPU
		{89B7FBCD-DC0C-4B60-9E6B-C879DA77F004}.Release|Any CPU.Build.0 = Release|Any CPU
	EndGlobalSection
	GlobalSection(SolutionProperties) = preSolution
		HideSolutionNode = FALSE
	EndGlobalSection
	GlobalSection(ExtensibilityGlobals) = postSolution
		SolutionGuid = {22D852E5-71CC-4C60-AF3D-90795F534C54}
	EndGlobalSection
EndGlobal
