
Microsoft Visual Studio Solution File, Format Version 12.00
# Visual Studio Version 17
VisualStudioVersion = 17.9.34622.214
MinimumVisualStudioVersion = 10.0.40219.1
Project("{FAE04EC0-301F-11D3-BF4B-00C04F79EFBC}") = "d2", "d2.csproj", "{168F708A-038B-437E-AB4F-BC2FA30536E2}"
EndProject
Global
	GlobalSection(SolutionConfigurationPlatforms) = preSolution
		Debug|Any CPU = Debug|Any CPU
		Release|Any CPU = Release|Any CPU
	EndGlobalSection
	GlobalSection(ProjectConfigurationPlatforms) = postSolution
		{168F708A-038B-437E-AB4F-BC2FA30536E2}.Debug|Any CPU.ActiveCfg = Debug|Any CPU
		{168F708A-038B-437E-AB4F-BC2FA30536E2}.Debug|Any CPU.Build.0 = Debug|Any CPU
		{168F708A-038B-437E-AB4F-BC2FA30536E2}.Release|Any CPU.ActiveCfg = Release|Any CPU
		{168F708A-038B-437E-AB4F-BC2FA30536E2}.Release|Any CPU.Build.0 = Release|Any CPU
	EndGlobalSection
	GlobalSection(SolutionProperties) = preSolution
		HideSolutionNode = FALSE
	EndGlobalSection
	GlobalSection(ExtensibilityGlobals) = postSolution
		SolutionGuid = {B2DBDB26-810A-4C8D-864D-053B76B2DF76}
	EndGlobalSection
EndGlobal
