
Microsoft Visual Studio Solution File, Format Version 12.00
# Visual Studio Version 17
VisualStudioVersion = 17.9.34622.214
MinimumVisualStudioVersion = 10.0.40219.1
Project("{FAE04EC0-301F-11D3-BF4B-00C04F79EFBC}") = "MVC_First_application(02)", "MVC_First_application(02).csproj", "{2BD6E9EF-2DF9-445A-AB56-341FFF568D89}"
EndProject
Global
	GlobalSection(SolutionConfigurationPlatforms) = preSolution
		Debug|Any CPU = Debug|Any CPU
		Release|Any CPU = Release|Any CPU
	EndGlobalSection
	GlobalSection(ProjectConfigurationPlatforms) = postSolution
		{2BD6E9EF-2DF9-445A-AB56-341FFF568D89}.Debug|Any CPU.ActiveCfg = Debug|Any CPU
		{2BD6E9EF-2DF9-445A-AB56-341FFF568D89}.Debug|Any CPU.Build.0 = Debug|Any CPU
		{2BD6E9EF-2DF9-445A-AB56-341FFF568D89}.Release|Any CPU.ActiveCfg = Release|Any CPU
		{2BD6E9EF-2DF9-445A-AB56-341FFF568D89}.Release|Any CPU.Build.0 = Release|Any CPU
	EndGlobalSection
	GlobalSection(SolutionProperties) = preSolution
		HideSolutionNode = FALSE
	EndGlobalSection
	GlobalSection(ExtensibilityGlobals) = postSolution
		SolutionGuid = {4F997DF5-2C05-4B9B-8283-C3A4395EAD66}
	EndGlobalSection
EndGlobal
