
Microsoft Visual Studio Solution File, Format Version 12.00
# Visual Studio Version 17
VisualStudioVersion = 17.9.34622.214
MinimumVisualStudioVersion = 10.0.40219.1
Project("{FAE04EC0-301F-11D3-BF4B-00C04F79EFBC}") = "Question_08", "Question_08.csproj", "{37C2A0C1-314E-4AB8-AF4F-BBF1B512724C}"
EndProject
Global
	GlobalSection(SolutionConfigurationPlatforms) = preSolution
		Debug|Any CPU = Debug|Any CPU
		Release|Any CPU = Release|Any CPU
	EndGlobalSection
	GlobalSection(ProjectConfigurationPlatforms) = postSolution
		{37C2A0C1-314E-4AB8-AF4F-BBF1B512724C}.Debug|Any CPU.ActiveCfg = Debug|Any CPU
		{37C2A0C1-314E-4AB8-AF4F-BBF1B512724C}.Debug|Any CPU.Build.0 = Debug|Any CPU
		{37C2A0C1-314E-4AB8-AF4F-BBF1B512724C}.Release|Any CPU.ActiveCfg = Release|Any CPU
		{37C2A0C1-314E-4AB8-AF4F-BBF1B512724C}.Release|Any CPU.Build.0 = Release|Any CPU
	EndGlobalSection
	GlobalSection(SolutionProperties) = preSolution
		HideSolutionNode = FALSE
	EndGlobalSection
	GlobalSection(ExtensibilityGlobals) = postSolution
		SolutionGuid = {A0A67289-AB06-4152-B58C-8193BA9237C8}
	EndGlobalSection
EndGlobal
