
Microsoft Visual Studio Solution File, Format Version 12.00
# Visual Studio Version 17
VisualStudioVersion = 17.8.34330.188
MinimumVisualStudioVersion = 10.0.40219.1
Project("{FAE04EC0-301F-11D3-BF4B-00C04F79EFBC}") = "11_Pattens", "11_Pattens\11_Pattens.csproj", "{2C3AC6A2-D5D3-4D6D-ADA1-61CF8244B880}"
EndProject
Global
	GlobalSection(SolutionConfigurationPlatforms) = preSolution
		Debug|Any CPU = Debug|Any CPU
		Release|Any CPU = Release|Any CPU
	EndGlobalSection
	GlobalSection(ProjectConfigurationPlatforms) = postSolution
		{2C3AC6A2-D5D3-4D6D-ADA1-61CF8244B880}.Debug|Any CPU.ActiveCfg = Debug|Any CPU
		{2C3AC6A2-D5D3-4D6D-ADA1-61CF8244B880}.Debug|Any CPU.Build.0 = Debug|Any CPU
		{2C3AC6A2-D5D3-4D6D-ADA1-61CF8244B880}.Release|Any CPU.ActiveCfg = Release|Any CPU
		{2C3AC6A2-D5D3-4D6D-ADA1-61CF8244B880}.Release|Any CPU.Build.0 = Release|Any CPU
	EndGlobalSection
	GlobalSection(SolutionProperties) = preSolution
		HideSolutionNode = FALSE
	EndGlobalSection
	GlobalSection(ExtensibilityGlobals) = postSolution
		SolutionGuid = {5D6EA43D-650C-4546-A14F-C5C6F9F4D856}
	EndGlobalSection
EndGlobal
