
Microsoft Visual Studio Solution File, Format Version 12.00
# Visual Studio Version 17
VisualStudioVersion = 17.9.34622.214
MinimumVisualStudioVersion = 10.0.40219.1
Project("{FAE04EC0-301F-11D3-BF4B-00C04F79EFBC}") = "Mvc_Controller", "Mvc_Controller.csproj", "{BAD80244-AC9B-4094-BF1C-6F0384C219B9}"
EndProject
Global
	GlobalSection(SolutionConfigurationPlatforms) = preSolution
		Debug|Any CPU = Debug|Any CPU
		Release|Any CPU = Release|Any CPU
	EndGlobalSection
	GlobalSection(ProjectConfigurationPlatforms) = postSolution
		{BAD80244-AC9B-4094-BF1C-6F0384C219B9}.Debug|Any CPU.ActiveCfg = Debug|Any CPU
		{BAD80244-AC9B-4094-BF1C-6F0384C219B9}.Debug|Any CPU.Build.0 = Debug|Any CPU
		{BAD80244-AC9B-4094-BF1C-6F0384C219B9}.Release|Any CPU.ActiveCfg = Release|Any CPU
		{BAD80244-AC9B-4094-BF1C-6F0384C219B9}.Release|Any CPU.Build.0 = Release|Any CPU
	EndGlobalSection
	GlobalSection(SolutionProperties) = preSolution
		HideSolutionNode = FALSE
	EndGlobalSection
	GlobalSection(ExtensibilityGlobals) = postSolution
		SolutionGuid = {8EF5CA7A-347E-4FC4-8707-CF5E87D1EC78}
	EndGlobalSection
EndGlobal
